# This file is autogenerated, do not edit; changes may be undone by the next 'dep ensure'.


[[projects]]
  name = "github.com/fgrosse/goldi"
  packages = ["."]
  revision = "8bb09dd2be1b6e592353f4a02532860835d771fa"
  version = "v1.0.0"

[solve-meta]
  analyzer-name = "dep"
  analyzer-version = 1
  inputs-digest = "6b16313bc86024c3433173415041f96d474ef43081fa96a1fa6434a0de2ff391"
  solver-name = "gps-cdcl"
  solver-version = 1
